
Microsoft Visual Studio Solution File, Format Version 11.00
# Visual Studio 2010
Project("{FAE04EC0-301F-11D3-BF4B-00C04F79EFBC}") = "Unity.Timeline", "Unity.Timeline.csproj", "{a7dadcfd-ef3c-224d-898f-f4e341030fde}"
EndProject
Project("{FAE04EC0-301F-11D3-BF4B-00C04F79EFBC}") = "Unity.VisualEffectGraph.Editor", "Unity.VisualEffectGraph.Editor.csproj", "{faabe8c0-1edd-1419-5dba-6680e23d3861}"
EndProject
Project("{FAE04EC0-301F-11D3-BF4B-00C04F79EFBC}") = "Unity.RenderPipelines.GPUDriven.Runtime", "Unity.RenderPipelines.GPUDriven.Runtime.csproj", "{93b02c01-d0f8-ae42-0b09-70e6c6625784}"
EndProject
Project("{FAE04EC0-301F-11D3-BF4B-00C04F79EFBC}") = "Unity.PlasticSCM.Editor", "Unity.PlasticSCM.Editor.csproj", "{ff2943c3-897d-dd21-d062-69726a10016b}"
EndProject
Project("{FAE04EC0-301F-11D3-BF4B-00C04F79EFBC}") = "UnityEngine.UI.Tests", "UnityEngine.UI.Tests.csproj", "{3563666f-3b7b-3411-0eb8-86b375a3d1da}"
EndProject
Project("{FAE04EC0-301F-11D3-BF4B-00C04F79EFBC}") = "Unity.ShaderGraph.Editor", "Unity.ShaderGraph.Editor.csproj", "{cb0cca0d-286d-adb9-dd6d-ff62f87a12f7}"
EndProject
Project("{FAE04EC0-301F-11D3-BF4B-00C04F79EFBC}") = "Unity.ProBuilder", "Unity.ProBuilder.csproj", "{9c9b4d42-966e-8fb9-fecf-4a5075589696}"
EndProject
Project("{FAE04EC0-301F-11D3-BF4B-00C04F79EFBC}") = "Unity.RenderPipelines.Core.Runtime", "Unity.RenderPipelines.Core.Runtime.csproj", "{8bb1d3bb-ad27-abbb-b0d3-7aaf6882f9a4}"
EndProject
Project("{FAE04EC0-301F-11D3-BF4B-00C04F79EFBC}") = "Unity.Mathematics", "Unity.Mathematics.csproj", "{0f48c034-95c7-8999-2bd3-c50d2c06efcf}"
EndProject
Project("{FAE04EC0-301F-11D3-BF4B-00C04F79EFBC}") = "Unity.Timeline.Editor", "Unity.Timeline.Editor.csproj", "{78acd2cd-e80d-ac23-e637-9d0039e57165}"
EndProject
Project("{FAE04EC0-301F-11D3-BF4B-00C04F79EFBC}") = "Unity.Multiplayer.Center.Editor", "Unity.Multiplayer.Center.Editor.csproj", "{dc2e1960-f9e2-fabf-f997-5bff3547c38c}"
EndProject
Project("{FAE04EC0-301F-11D3-BF4B-00C04F79EFBC}") = "UnityEngine.UI", "UnityEngine.UI.csproj", "{e8a27986-aa4e-db8d-3d91-46a7af7eb6d4}"
EndProject
Project("{FAE04EC0-301F-11D3-BF4B-00C04F79EFBC}") = "Unity.RenderPipelines.Core.Editor", "Unity.RenderPipelines.Core.Editor.csproj", "{30ae8cb8-5daa-30de-455e-d2e031cfeabf}"
EndProject
Project("{FAE04EC0-301F-11D3-BF4B-00C04F79EFBC}") = "Unity.RenderPipelines.Universal.2D.Runtime", "Unity.RenderPipelines.Universal.2D.Runtime.csproj", "{39ed0aa7-3d45-bd94-30c7-820fac7b6e52}"
EndProject
Project("{FAE04EC0-301F-11D3-BF4B-00C04F79EFBC}") = "Unity.Collections", "Unity.Collections.csproj", "{c4e60fcf-b147-33f6-352f-4306aa96372e}"
EndProject
Project("{FAE04EC0-301F-11D3-BF4B-00C04F79EFBC}") = "Unity.ProBuilder.Poly2Tri", "Unity.ProBuilder.Poly2Tri.csproj", "{2f0b3a01-b763-619a-21b9-e8ba1aba0946}"
EndProject
Project("{FAE04EC0-301F-11D3-BF4B-00C04F79EFBC}") = "Unity.VisualScripting.Core.Editor", "Unity.VisualScripting.Core.Editor.csproj", "{9aae50ac-2814-ecd5-382b-573644aad66a}"
EndProject
Project("{FAE04EC0-301F-11D3-BF4B-00C04F79EFBC}") = "Unity.RenderPipelines.Universal.Editor", "Unity.RenderPipelines.Universal.Editor.csproj", "{05270e9b-4dd7-8e9c-ebbe-99e57d9ffa6a}"
EndProject
Project("{FAE04EC0-301F-11D3-BF4B-00C04F79EFBC}") = "Unity.Collections.Tests", "Unity.Collections.Tests.csproj", "{d1eb208a-2a97-2bda-6e18-c813848997fc}"
EndProject
Project("{FAE04EC0-301F-11D3-BF4B-00C04F79EFBC}") = "Unity.RenderPipelines.HighDefinition.Editor", "Unity.RenderPipelines.HighDefinition.Editor.csproj", "{30d614da-30b5-382b-16ea-c617aa20ae09}"
EndProject
Project("{FAE04EC0-301F-11D3-BF4B-00C04F79EFBC}") = "Unity.Burst", "Unity.Burst.csproj", "{71d1db81-47ca-240f-41e2-2ce466a3d937}"
EndProject
Project("{FAE04EC0-301F-11D3-BF4B-00C04F79EFBC}") = "Unity.RenderPipelines.HighDefinition.Runtime", "Unity.RenderPipelines.HighDefinition.Runtime.csproj", "{87c58830-333d-70a3-7ef2-00fd878d3e99}"
EndProject
Project("{FAE04EC0-301F-11D3-BF4B-00C04F79EFBC}") = "Unity.VisualScripting.Flow.Editor", "Unity.VisualScripting.Flow.Editor.csproj", "{4eb5b36f-4791-8add-c44f-7cac32bbcb8b}"
EndProject
Project("{FAE04EC0-301F-11D3-BF4B-00C04F79EFBC}") = "Unity.ProBuilder.Csg", "Unity.ProBuilder.Csg.csproj", "{bb440fd2-6870-3913-a529-31ed68c3f3c4}"
EndProject
Project("{FAE04EC0-301F-11D3-BF4B-00C04F79EFBC}") = "Unity.VisualStudio.Editor", "Unity.VisualStudio.Editor.csproj", "{79472ecf-7e5d-9e61-12c0-b6771a1c70fb}"
EndProject
Project("{FAE04EC0-301F-11D3-BF4B-00C04F79EFBC}") = "Unity.InputSystem", "Unity.InputSystem.csproj", "{4415392d-1c4a-6e7b-1381-d528fd616ecc}"
EndProject
Project("{FAE04EC0-301F-11D3-BF4B-00C04F79EFBC}") = "Unity.RenderPipelines.Universal.Editor.Tests", "Unity.RenderPipelines.Universal.Editor.Tests.csproj", "{074a8343-eff2-0ab6-4ca1-aacf4561003e}"
EndProject
Project("{FAE04EC0-301F-11D3-BF4B-00C04F79EFBC}") = "Unity.Searcher.Editor", "Unity.Searcher.Editor.csproj", "{76e89a38-04d9-3baa-7ea2-bd49a04f028c}"
EndProject
Project("{FAE04EC0-301F-11D3-BF4B-00C04F79EFBC}") = "Unity.ProBuilder.Editor", "Unity.ProBuilder.Editor.csproj", "{c26affe0-cf38-a00d-8925-51de6658e584}"
EndProject
Project("{FAE04EC0-301F-11D3-BF4B-00C04F79EFBC}") = "Assembly-CSharp-Editor", "Assembly-CSharp-Editor.csproj", "{e30483b4-c17d-2c8a-a255-4ae17171bc78}"
EndProject
Project("{FAE04EC0-301F-11D3-BF4B-00C04F79EFBC}") = "Unity.VisualScripting.Core", "Unity.VisualScripting.Core.csproj", "{94d68abe-6f06-f072-9c3f-3ab3643a7ecb}"
EndProject
Project("{FAE04EC0-301F-11D3-BF4B-00C04F79EFBC}") = "Unity.RenderPipelines.Universal.Runtime", "Unity.RenderPipelines.Universal.Runtime.csproj", "{26a5a20a-6ba1-60da-452e-8ee74e407cb1}"
EndProject
Project("{FAE04EC0-301F-11D3-BF4B-00C04F79EFBC}") = "Unity.UnifiedRayTracing.Runtime", "Unity.UnifiedRayTracing.Runtime.csproj", "{e11c4d04-31a9-d0a5-17eb-699861525324}"
EndProject
Project("{FAE04EC0-301F-11D3-BF4B-00C04F79EFBC}") = "Unity.Collections.PerformanceTests", "Unity.Collections.PerformanceTests.csproj", "{d1292699-f60d-5a5a-b6f7-516877957e73}"
EndProject
Project("{FAE04EC0-301F-11D3-BF4B-00C04F79EFBC}") = "Unity.AI.Navigation.Editor.ConversionSystem", "Unity.AI.Navigation.Editor.ConversionSystem.csproj", "{caa52bf5-0e63-329a-4a41-dc802757cb62}"
EndProject
Project("{FAE04EC0-301F-11D3-BF4B-00C04F79EFBC}") = "Unity.VisualScripting.State.Editor", "Unity.VisualScripting.State.Editor.csproj", "{9af70922-ddc2-7017-d675-1fe4caaf0f74}"
EndProject
Project("{FAE04EC0-301F-11D3-BF4B-00C04F79EFBC}") = "Unity.VisualEffectGraph.Runtime", "Unity.VisualEffectGraph.Runtime.csproj", "{0eefd5a4-772c-ef49-1d91-7bd8eccbc18a}"
EndProject
Project("{FAE04EC0-301F-11D3-BF4B-00C04F79EFBC}") = "Unity.Burst.CodeGen", "Unity.Burst.CodeGen.csproj", "{c0b949d6-f3ce-4e61-29f3-4e266e21ec7d}"
EndProject
Project("{FAE04EC0-301F-11D3-BF4B-00C04F79EFBC}") = "Unity.VisualScripting.Flow", "Unity.VisualScripting.Flow.csproj", "{b4fbde54-9efa-aa12-0d3e-d1786ea2982d}"
EndProject
Project("{FAE04EC0-301F-11D3-BF4B-00C04F79EFBC}") = "Assembly-CSharp", "Assembly-CSharp.csproj", "{a5a8b313-6b0f-873e-f214-7b3364584a5b}"
EndProject
Project("{FAE04EC0-301F-11D3-BF4B-00C04F79EFBC}") = "Unity.Mathematics.Tests", "Unity.Mathematics.Tests.csproj", "{5a2fa892-6f97-5188-8775-5b28b8242675}"
EndProject
Project("{FAE04EC0-301F-11D3-BF4B-00C04F79EFBC}") = "Unity.TextMeshPro", "Unity.TextMeshPro.csproj", "{4922b530-1d1b-1170-6ab3-dc0d42914188}"
EndProject
Project("{FAE04EC0-301F-11D3-BF4B-00C04F79EFBC}") = "Unity.TextMeshPro.Editor", "Unity.TextMeshPro.Editor.csproj", "{e75af571-92f6-ee33-8e5a-3ef5e2d563f2}"
EndProject
Project("{FAE04EC0-301F-11D3-BF4B-00C04F79EFBC}") = "Unity.Burst.Editor", "Unity.Burst.Editor.csproj", "{fc16c51f-9b4d-9f00-e496-6629faf59308}"
EndProject
Project("{FAE04EC0-301F-11D3-BF4B-00C04F79EFBC}") = "Unity.Rider.Editor", "Unity.Rider.Editor.csproj", "{47866773-cb18-1902-ba36-27cfc9da6641}"
EndProject
Project("{FAE04EC0-301F-11D3-BF4B-00C04F79EFBC}") = "Unity.VisualScripting.State", "Unity.VisualScripting.State.csproj", "{d0c81a2a-3e6f-b0b0-1b57-064af9eec08f}"
EndProject
Project("{FAE04EC0-301F-11D3-BF4B-00C04F79EFBC}") = "Unity.AI.Navigation.Updater", "Unity.AI.Navigation.Updater.csproj", "{f3f625b3-d303-6c24-16eb-2548348fb8d5}"
EndProject
Project("{FAE04EC0-301F-11D3-BF4B-00C04F79EFBC}") = "Unity.RenderPipelines.HighDefinition.Editor.Tests", "Unity.RenderPipelines.HighDefinition.Editor.Tests.csproj", "{3b6b1c88-a2b8-9138-a6ef-10bb0d1aa65e}"
EndProject
Project("{FAE04EC0-301F-11D3-BF4B-00C04F79EFBC}") = "Unity.ShaderGraph.Editor.Tests", "Unity.ShaderGraph.Editor.Tests.csproj", "{750f2eb7-7be8-36a3-5b63-c475ff578511}"
EndProject
Project("{FAE04EC0-301F-11D3-BF4B-00C04F79EFBC}") = "UnityEditor.UI", "UnityEditor.UI.csproj", "{04bae6a2-c9f0-2fc1-197a-8a22483cc260}"
EndProject
Project("{FAE04EC0-301F-11D3-BF4B-00C04F79EFBC}") = "Unity.RenderPipelines.Universal.2D.Editor.Overrides", "Unity.RenderPipelines.Universal.2D.Editor.Overrides.csproj", "{72ff06da-6cda-2941-2790-dc42e77797b4}"
EndProject
Project("{FAE04EC0-301F-11D3-BF4B-00C04F79EFBC}") = "Unity.AI.Navigation.Editor", "Unity.AI.Navigation.Editor.csproj", "{97d09480-ab8c-3f24-3962-1cd70cbc42b1}"
EndProject
Project("{FAE04EC0-301F-11D3-BF4B-00C04F79EFBC}") = "UnityEditor.UI.EditorTests", "UnityEditor.UI.EditorTests.csproj", "{688a5a4f-f727-1c75-ddcf-b26aac8afd26}"
EndProject
Project("{FAE04EC0-301F-11D3-BF4B-00C04F79EFBC}") = "Unity.RenderPipelines.Core.Editor.Tests", "Unity.RenderPipelines.Core.Editor.Tests.csproj", "{7d9b4c41-d06f-062d-bf9f-8b9c824ec187}"
EndProject
Project("{FAE04EC0-301F-11D3-BF4B-00C04F79EFBC}") = "Unity.RenderPipelines.Core.Editor.Shared", "Unity.RenderPipelines.Core.Editor.Shared.csproj", "{c080b61a-43a0-43e5-4058-36463b5cf902}"
EndProject
Project("{FAE04EC0-301F-11D3-BF4B-00C04F79EFBC}") = "Unity.Multiplayer.Center.Common", "Unity.Multiplayer.Center.Common.csproj", "{e98b3255-8814-6592-67a3-ede82f33e2d3}"
EndProject
Project("{FAE04EC0-301F-11D3-BF4B-00C04F79EFBC}") = "Unity.ProBuilder.KdTree", "Unity.ProBuilder.KdTree.csproj", "{e1c96541-6746-95dd-3c4d-8abeecaaab41}"
EndProject
Project("{FAE04EC0-301F-11D3-BF4B-00C04F79EFBC}") = "Unity.ProBuilder.AddOns.Editor", "Unity.ProBuilder.AddOns.Editor.csproj", "{20d670e4-7710-7c2a-f764-318524f1061a}"
EndProject
Project("{FAE04EC0-301F-11D3-BF4B-00C04F79EFBC}") = "Unity.RenderPipelines.Core.Runtime.Shared", "Unity.RenderPipelines.Core.Runtime.Shared.csproj", "{aa708c75-d9fa-c470-2862-54d6579afb0e}"
EndProject
Project("{FAE04EC0-301F-11D3-BF4B-00C04F79EFBC}") = "Unity.PathTracing.Editor.Tests", "Unity.PathTracing.Editor.Tests.csproj", "{62f70d16-ec74-bcd8-0866-07d7223ce78a}"
EndProject
Project("{FAE04EC0-301F-11D3-BF4B-00C04F79EFBC}") = "Unity.RenderPipelines.Core.Runtime.Tests", "Unity.RenderPipelines.Core.Runtime.Tests.csproj", "{c95ae8a5-0d60-1bd5-d8eb-d88fab09ca60}"
EndProject
Project("{FAE04EC0-301F-11D3-BF4B-00C04F79EFBC}") = "Unity.InputSystem.ForUI", "Unity.InputSystem.ForUI.csproj", "{d7021381-894c-f779-e331-1d3c7e132cd5}"
EndProject
Project("{FAE04EC0-301F-11D3-BF4B-00C04F79EFBC}") = "Unity.Multiplayer.Center.Editor.Tests", "Unity.Multiplayer.Center.Editor.Tests.csproj", "{41455e73-2169-e19d-2818-b2af0404b4eb}"
EndProject
Project("{FAE04EC0-301F-11D3-BF4B-00C04F79EFBC}") = "Unity.AI.Navigation", "Unity.AI.Navigation.csproj", "{ef6f5a17-f9fe-896e-a8f7-39a48e3c545a}"
EndProject
Project("{FAE04EC0-301F-11D3-BF4B-00C04F79EFBC}") = "Unity.Collections.CodeGen", "Unity.Collections.CodeGen.csproj", "{24feecd0-3817-5c20-256a-0890e206fe79}"
EndProject
Project("{FAE04EC0-301F-11D3-BF4B-00C04F79EFBC}") = "Unity.Mathematics.Editor", "Unity.Mathematics.Editor.csproj", "{93f23389-3ebe-3eb1-3c05-c9499a267348}"
EndProject
Project("{FAE04EC0-301F-11D3-BF4B-00C04F79EFBC}") = "Unity.VisualScripting.SettingsProvider.Editor", "Unity.VisualScripting.SettingsProvider.Editor.csproj", "{314dcd48-cccc-49d0-da3f-6eff66924d82}"
EndProject
Project("{FAE04EC0-301F-11D3-BF4B-00C04F79EFBC}") = "DocCodeExamples", "DocCodeExamples.csproj", "{40e462f5-2110-fda1-08ff-bfeeab930ffe}"
EndProject
Project("{FAE04EC0-301F-11D3-BF4B-00C04F79EFBC}") = "UnityEditor.UI.Analytics", "UnityEditor.UI.Analytics.csproj", "{7e7dc341-bf56-01b2-16b2-c3785f01203a}"
EndProject
Project("{FAE04EC0-301F-11D3-BF4B-00C04F79EFBC}") = "Unity.PathTracing.Runtime", "Unity.PathTracing.Runtime.csproj", "{264ea59f-90c3-9f69-5702-436ca47f0ebf}"
EndProject
Project("{FAE04EC0-301F-11D3-BF4B-00C04F79EFBC}") = "Unity.VSCode.Editor", "Unity.VSCode.Editor.csproj", "{e685876a-7688-cc0d-8ec8-f7303ef9df0c}"
EndProject
Project("{FAE04EC0-301F-11D3-BF4B-00C04F79EFBC}") = "Unity.PathTracing.Runtime.Tests", "Unity.PathTracing.Runtime.Tests.csproj", "{782f887c-6dc5-b419-a6f9-1c37d50801bd}"
EndProject
Project("{FAE04EC0-301F-11D3-BF4B-00C04F79EFBC}") = "Unity.PathTracing.Editor", "Unity.PathTracing.Editor.csproj", "{68528006-ffd0-c030-8cac-6df74e956c6f}"
EndProject
Project("{FAE04EC0-301F-11D3-BF4B-00C04F79EFBC}") = "Unity.ProBuilder.AssetIdRemapUtility", "Unity.ProBuilder.AssetIdRemapUtility.csproj", "{32f10c57-e72d-2ce7-4f44-39dcda468649}"
EndProject
Project("{FAE04EC0-301F-11D3-BF4B-00C04F79EFBC}") = "Unity.UnifiedRayTracing.Editor.Tests", "Unity.UnifiedRayTracing.Editor.Tests.csproj", "{c798cb05-2622-b1b6-3237-93cca599c3ea}"
EndProject
Project("{FAE04EC0-301F-11D3-BF4B-00C04F79EFBC}") = "Unity.Settings.Editor", "Unity.Settings.Editor.csproj", "{b3013028-4138-dfff-71ba-22079eb9f25d}"
EndProject
Project("{FAE04EC0-301F-11D3-BF4B-00C04F79EFBC}") = "Unity.RenderPipelines.HighDefinitionConfig.Editor.Tests", "Unity.RenderPipelines.HighDefinitionConfig.Editor.Tests.csproj", "{2b0f969e-5ccb-c141-c818-04b0995c0926}"
EndProject
Project("{FAE04EC0-301F-11D3-BF4B-00C04F79EFBC}") = "Unity.ShaderGraph.Utilities", "Unity.ShaderGraph.Utilities.csproj", "{94defc1c-4b94-88fa-7661-4a3d486d8ff0}"
EndProject
Project("{FAE04EC0-301F-11D3-BF4B-00C04F79EFBC}") = "Unity.VisualScripting.Shared.Editor", "Unity.VisualScripting.Shared.Editor.csproj", "{d47a5ed5-202e-0cbf-d481-cb33f607fe57}"
EndProject
Project("{FAE04EC0-301F-11D3-BF4B-00C04F79EFBC}") = "Unity.Searcher.EditorTests", "Unity.Searcher.EditorTests.csproj", "{f04821db-a512-fc5f-b8f7-9116b69f4925}"
EndProject
Project("{FAE04EC0-301F-11D3-BF4B-00C04F79EFBC}") = "Unity.RenderPipelines.Universal.Runtime.Tests", "Unity.RenderPipelines.Universal.Runtime.Tests.csproj", "{4c7e3bc8-7d0c-b98f-979b-c4d997bac6bd}"
EndProject
Project("{FAE04EC0-301F-11D3-BF4B-00C04F79EFBC}") = "Unity.SurfaceCache.Runtime", "Unity.SurfaceCache.Runtime.csproj", "{887f37e8-d6d3-8fe9-a896-441175e49824}"
EndProject
Project("{FAE04EC0-301F-11D3-BF4B-00C04F79EFBC}") = "Unity.InternalAPIEngineBridge.RenderPipelines.Core.Runtime.Shared", "Unity.InternalAPIEngineBridge.RenderPipelines.Core.Runtime.Shared.csproj", "{ed519dc9-3baf-705f-1662-1f71d85e0592}"
EndProject
Project("{FAE04EC0-301F-11D3-BF4B-00C04F79EFBC}") = "Unity.Collections.DocCodeSamples", "Unity.Collections.DocCodeSamples.csproj", "{836dc8fc-3af2-2e00-c325-d00dc37a9379}"
EndProject
Project("{FAE04EC0-301F-11D3-BF4B-00C04F79EFBC}") = "Unity.RenderPipelines.HighDefinition.Runtime.Tests", "Unity.RenderPipelines.HighDefinition.Runtime.Tests.csproj", "{1de30052-2962-a029-90fa-058ff12f720a}"
EndProject
Project("{FAE04EC0-301F-11D3-BF4B-00C04F79EFBC}") = "Unity.CollabProxy.Editor", "Unity.CollabProxy.Editor.csproj", "{1afe0244-384c-0d19-d398-6fd425948ffd}"
EndProject
Project("{FAE04EC0-301F-11D3-BF4B-00C04F79EFBC}") = "Unity.RenderPipeline.Universal.ShaderLibrary", "Unity.RenderPipeline.Universal.ShaderLibrary.csproj", "{b9ece57a-6dc3-1f38-12c3-13fdbadba0a5}"
EndProject
Project("{FAE04EC0-301F-11D3-BF4B-00C04F79EFBC}") = "Unity.TextMeshPro.Editor.Tests", "Unity.TextMeshPro.Editor.Tests.csproj", "{33c93c8e-8f51-6f0d-fe8e-5003c5ab59f3}"
EndProject
Project("{FAE04EC0-301F-11D3-BF4B-00C04F79EFBC}") = "Unity.VisualEffectGraph.Runtime.Tests", "Unity.VisualEffectGraph.Runtime.Tests.csproj", "{fefbb346-a220-de3f-17d6-256a3cc8692f}"
EndProject
Project("{FAE04EC0-301F-11D3-BF4B-00C04F79EFBC}") = "Unity.Settings.Tests", "Unity.Settings.Tests.csproj", "{93664c2f-d081-9ebd-3215-49a3f50f1bde}"
EndProject
Project("{FAE04EC0-301F-11D3-BF4B-00C04F79EFBC}") = "Unity.VisualEffectGraph.Editor.Tests", "Unity.VisualEffectGraph.Editor.Tests.csproj", "{e1fe3e61-942d-f99b-44fa-85244f1f3889}"
EndProject
Project("{FAE04EC0-301F-11D3-BF4B-00C04F79EFBC}") = "Unity.InternalAPIEngineBridge.004", "Unity.InternalAPIEngineBridge.004.csproj", "{ac780a48-2ecf-b1b4-5b45-6da5160777d7}"
EndProject
Project("{FAE04EC0-301F-11D3-BF4B-00C04F79EFBC}") = "Unity.TextMeshPro.Tests", "Unity.TextMeshPro.Tests.csproj", "{5e6316f0-ea87-0de6-2eb5-66b136c33580}"
EndProject
Project("{FAE04EC0-301F-11D3-BF4B-00C04F79EFBC}") = "Unity.InputSystem.DocCodeSamples", "Unity.InputSystem.DocCodeSamples.csproj", "{75524b4e-fe7e-f3ea-1d5b-df2aaac270da}"
EndProject
Project("{FAE04EC0-301F-11D3-BF4B-00C04F79EFBC}") = "Unity.RenderPipelines.Universal.Shaders", "Unity.RenderPipelines.Universal.Shaders.csproj", "{369feda3-2b4b-7525-242f-1a2545598198}"
EndProject
Project("{FAE04EC0-301F-11D3-BF4B-00C04F79EFBC}") = "Unity.Multiplayer.Center.Tests", "Unity.Multiplayer.Center.Tests.csproj", "{ae74735f-5ec4-a0ba-cc49-a1a899ed4373}"
EndProject
Project("{FAE04EC0-301F-11D3-BF4B-00C04F79EFBC}") = "Unity.InternalAPIEditorBridge.ShaderGraph.Editor", "Unity.InternalAPIEditorBridge.ShaderGraph.Editor.csproj", "{445089c1-6653-be92-ca06-58d17c17c90f}"
EndProject
Project("{FAE04EC0-301F-11D3-BF4B-00C04F79EFBC}") = "Unity.ProBuilder.Stl", "Unity.ProBuilder.Stl.csproj", "{fa7e2d38-bf34-6099-bb35-70bdeb44cedd}"
EndProject
Project("{FAE04EC0-301F-11D3-BF4B-00C04F79EFBC}") = "Unity.Nuget.Mono-Cecil", "Unity.Nuget.Mono-Cecil.csproj", "{aa073740-7c10-4c41-6261-b0965b0ad443}"
EndProject
Project("{FAE04EC0-301F-11D3-BF4B-00C04F79EFBC}") = "Unity.VisualScripting.DocCodeExamples", "Unity.VisualScripting.DocCodeExamples.csproj", "{9ed71b0a-1769-c71e-6de6-603bdeab274a}"
EndProject
Project("{FAE04EC0-301F-11D3-BF4B-00C04F79EFBC}") = "Unity.RenderPipelines.Universal.Config.Editor.Tests", "Unity.RenderPipelines.Universal.Config.Editor.Tests.csproj", "{ecb6fc6a-e347-0cea-3e0b-d802f3a3e884}"
EndProject
Project("{FAE04EC0-301F-11D3-BF4B-00C04F79EFBC}") = "Unity.PlasticSCM.Editor.Entities", "Unity.PlasticSCM.Editor.Entities.csproj", "{68aa5239-437b-8bfc-00a9-e7dc13a5166d}"
EndProject
Project("{FAE04EC0-301F-11D3-BF4B-00C04F79EFBC}") = "UnityEditor.UI.Common.Tests", "UnityEditor.UI.Common.Tests.csproj", "{4e8feb88-da70-b5a5-9f86-bc51aa7d7dbb}"
EndProject
Project("{FAE04EC0-301F-11D3-BF4B-00C04F79EFBC}") = "Unity.Rendering.LightTransport.Editor", "Unity.Rendering.LightTransport.Editor.csproj", "{b1caa3e9-fe4d-1329-228a-484f092abcee}"
EndProject
Project("{FAE04EC0-301F-11D3-BF4B-00C04F79EFBC}") = "Unity.RenderPipelines.HighDefinition.Config.Runtime", "Unity.RenderPipelines.HighDefinition.Config.Runtime.csproj", "{099ddb7c-273f-4111-cd67-572b0100d7eb}"
EndProject
Project("{FAE04EC0-301F-11D3-BF4B-00C04F79EFBC}") = "Unity.Collections.Editor", "Unity.Collections.Editor.csproj", "{4dd531e5-8f60-42ed-679f-71dc698dd4e7}"
EndProject
Project("{FAE04EC0-301F-11D3-BF4B-00C04F79EFBC}") = "Unity.Collections.BurstCompatibilityGen", "Unity.Collections.BurstCompatibilityGen.csproj", "{210383b5-8212-f977-07c6-9979374e52d5}"
EndProject
Project("{FAE04EC0-301F-11D3-BF4B-00C04F79EFBC}") = "Unity.InputSystem.IntegrationTests", "Unity.InputSystem.IntegrationTests.csproj", "{7850ab55-9345-8c0d-437a-d6a559040a4a}"
EndProject
Project("{FAE04EC0-301F-11D3-BF4B-00C04F79EFBC}") = "Unity.RenderPipelines.Universal.Config.Runtime", "Unity.RenderPipelines.Universal.Config.Runtime.csproj", "{ef826262-9f2e-5405-ff03-b4513fb1cde2}"
EndProject
Project("{FAE04EC0-301F-11D3-BF4B-00C04F79EFBC}") = "Unity.RenderPipelines.ShaderGraph.ShaderGraphLibrary", "Unity.RenderPipelines.ShaderGraph.ShaderGraphLibrary.csproj", "{405f20cc-6f88-ee96-a2f1-903b8cfb8420}"
EndProject
Project("{FAE04EC0-301F-11D3-BF4B-00C04F79EFBC}") = "Unity.RenderPipelines.Core.ShaderLibrary", "Unity.RenderPipelines.Core.ShaderLibrary.csproj", "{69c3cd36-1854-8575-12a4-846805f1abc8}"
EndProject
Project("{FAE04EC0-301F-11D3-BF4B-00C04F79EFBC}") = "TestNewCustomAssembly", "TestNewCustomAssembly.csproj", "{806fc1dd-67a5-bcbf-3961-177d31fe1d28}"
EndProject
Global
	GlobalSection(SolutionConfigurationPlatforms) = preSolution
		Debug|Any CPU = Debug|Any CPU
	EndGlobalSection
	GlobalSection(ProjectConfigurationPlatforms) = postSolution
		{a7dadcfd-ef3c-224d-898f-f4e341030fde}.Debug|Any CPU.ActiveCfg = Debug|Any CPU
		{a7dadcfd-ef3c-224d-898f-f4e341030fde}.Debug|Any CPU.Build.0 = Debug|Any CPU
		{faabe8c0-1edd-1419-5dba-6680e23d3861}.Debug|Any CPU.ActiveCfg = Debug|Any CPU
		{faabe8c0-1edd-1419-5dba-6680e23d3861}.Debug|Any CPU.Build.0 = Debug|Any CPU
		{93b02c01-d0f8-ae42-0b09-70e6c6625784}.Debug|Any CPU.ActiveCfg = Debug|Any CPU
		{93b02c01-d0f8-ae42-0b09-70e6c6625784}.Debug|Any CPU.Build.0 = Debug|Any CPU
		{ff2943c3-897d-dd21-d062-69726a10016b}.Debug|Any CPU.ActiveCfg = Debug|Any CPU
		{ff2943c3-897d-dd21-d062-69726a10016b}.Debug|Any CPU.Build.0 = Debug|Any CPU
		{3563666f-3b7b-3411-0eb8-86b375a3d1da}.Debug|Any CPU.ActiveCfg = Debug|Any CPU
		{3563666f-3b7b-3411-0eb8-86b375a3d1da}.Debug|Any CPU.Build.0 = Debug|Any CPU
		{cb0cca0d-286d-adb9-dd6d-ff62f87a12f7}.Debug|Any CPU.ActiveCfg = Debug|Any CPU
		{cb0cca0d-286d-adb9-dd6d-ff62f87a12f7}.Debug|Any CPU.Build.0 = Debug|Any CPU
		{9c9b4d42-966e-8fb9-fecf-4a5075589696}.Debug|Any CPU.ActiveCfg = Debug|Any CPU
		{9c9b4d42-966e-8fb9-fecf-4a5075589696}.Debug|Any CPU.Build.0 = Debug|Any CPU
		{8bb1d3bb-ad27-abbb-b0d3-7aaf6882f9a4}.Debug|Any CPU.ActiveCfg = Debug|Any CPU
		{8bb1d3bb-ad27-abbb-b0d3-7aaf6882f9a4}.Debug|Any CPU.Build.0 = Debug|Any CPU
		{0f48c034-95c7-8999-2bd3-c50d2c06efcf}.Debug|Any CPU.ActiveCfg = Debug|Any CPU
		{0f48c034-95c7-8999-2bd3-c50d2c06efcf}.Debug|Any CPU.Build.0 = Debug|Any CPU
		{78acd2cd-e80d-ac23-e637-9d0039e57165}.Debug|Any CPU.ActiveCfg = Debug|Any CPU
		{78acd2cd-e80d-ac23-e637-9d0039e57165}.Debug|Any CPU.Build.0 = Debug|Any CPU
		{dc2e1960-f9e2-fabf-f997-5bff3547c38c}.Debug|Any CPU.ActiveCfg = Debug|Any CPU
		{dc2e1960-f9e2-fabf-f997-5bff3547c38c}.Debug|Any CPU.Build.0 = Debug|Any CPU
		{e8a27986-aa4e-db8d-3d91-46a7af7eb6d4}.Debug|Any CPU.ActiveCfg = Debug|Any CPU
		{e8a27986-aa4e-db8d-3d91-46a7af7eb6d4}.Debug|Any CPU.Build.0 = Debug|Any CPU
		{30ae8cb8-5daa-30de-455e-d2e031cfeabf}.Debug|Any CPU.ActiveCfg = Debug|Any CPU
		{30ae8cb8-5daa-30de-455e-d2e031cfeabf}.Debug|Any CPU.Build.0 = Debug|Any CPU
		{39ed0aa7-3d45-bd94-30c7-820fac7b6e52}.Debug|Any CPU.ActiveCfg = Debug|Any CPU
		{39ed0aa7-3d45-bd94-30c7-820fac7b6e52}.Debug|Any CPU.Build.0 = Debug|Any CPU
		{c4e60fcf-b147-33f6-352f-4306aa96372e}.Debug|Any CPU.ActiveCfg = Debug|Any CPU
		{c4e60fcf-b147-33f6-352f-4306aa96372e}.Debug|Any CPU.Build.0 = Debug|Any CPU
		{2f0b3a01-b763-619a-21b9-e8ba1aba0946}.Debug|Any CPU.ActiveCfg = Debug|Any CPU
		{2f0b3a01-b763-619a-21b9-e8ba1aba0946}.Debug|Any CPU.Build.0 = Debug|Any CPU
		{9aae50ac-2814-ecd5-382b-573644aad66a}.Debug|Any CPU.ActiveCfg = Debug|Any CPU
		{9aae50ac-2814-ecd5-382b-573644aad66a}.Debug|Any CPU.Build.0 = Debug|Any CPU
		{05270e9b-4dd7-8e9c-ebbe-99e57d9ffa6a}.Debug|Any CPU.ActiveCfg = Debug|Any CPU
		{05270e9b-4dd7-8e9c-ebbe-99e57d9ffa6a}.Debug|Any CPU.Build.0 = Debug|Any CPU
		{d1eb208a-2a97-2bda-6e18-c813848997fc}.Debug|Any CPU.ActiveCfg = Debug|Any CPU
		{d1eb208a-2a97-2bda-6e18-c813848997fc}.Debug|Any CPU.Build.0 = Debug|Any CPU
		{30d614da-30b5-382b-16ea-c617aa20ae09}.Debug|Any CPU.ActiveCfg = Debug|Any CPU
		{30d614da-30b5-382b-16ea-c617aa20ae09}.Debug|Any CPU.Build.0 = Debug|Any CPU
		{71d1db81-47ca-240f-41e2-2ce466a3d937}.Debug|Any CPU.ActiveCfg = Debug|Any CPU
		{71d1db81-47ca-240f-41e2-2ce466a3d937}.Debug|Any CPU.Build.0 = Debug|Any CPU
		{87c58830-333d-70a3-7ef2-00fd878d3e99}.Debug|Any CPU.ActiveCfg = Debug|Any CPU
		{87c58830-333d-70a3-7ef2-00fd878d3e99}.Debug|Any CPU.Build.0 = Debug|Any CPU
		{4eb5b36f-4791-8add-c44f-7cac32bbcb8b}.Debug|Any CPU.ActiveCfg = Debug|Any CPU
		{4eb5b36f-4791-8add-c44f-7cac32bbcb8b}.Debug|Any CPU.Build.0 = Debug|Any CPU
		{bb440fd2-6870-3913-a529-31ed68c3f3c4}.Debug|Any CPU.ActiveCfg = Debug|Any CPU
		{bb440fd2-6870-3913-a529-31ed68c3f3c4}.Debug|Any CPU.Build.0 = Debug|Any CPU
		{79472ecf-7e5d-9e61-12c0-b6771a1c70fb}.Debug|Any CPU.ActiveCfg = Debug|Any CPU
		{79472ecf-7e5d-9e61-12c0-b6771a1c70fb}.Debug|Any CPU.Build.0 = Debug|Any CPU
		{4415392d-1c4a-6e7b-1381-d528fd616ecc}.Debug|Any CPU.ActiveCfg = Debug|Any CPU
		{4415392d-1c4a-6e7b-1381-d528fd616ecc}.Debug|Any CPU.Build.0 = Debug|Any CPU
		{074a8343-eff2-0ab6-4ca1-aacf4561003e}.Debug|Any CPU.ActiveCfg = Debug|Any CPU
		{074a8343-eff2-0ab6-4ca1-aacf4561003e}.Debug|Any CPU.Build.0 = Debug|Any CPU
		{76e89a38-04d9-3baa-7ea2-bd49a04f028c}.Debug|Any CPU.ActiveCfg = Debug|Any CPU
		{76e89a38-04d9-3baa-7ea2-bd49a04f028c}.Debug|Any CPU.Build.0 = Debug|Any CPU
		{c26affe0-cf38-a00d-8925-51de6658e584}.Debug|Any CPU.ActiveCfg = Debug|Any CPU
		{c26affe0-cf38-a00d-8925-51de6658e584}.Debug|Any CPU.Build.0 = Debug|Any CPU
		{e30483b4-c17d-2c8a-a255-4ae17171bc78}.Debug|Any CPU.ActiveCfg = Debug|Any CPU
		{e30483b4-c17d-2c8a-a255-4ae17171bc78}.Debug|Any CPU.Build.0 = Debug|Any CPU
		{94d68abe-6f06-f072-9c3f-3ab3643a7ecb}.Debug|Any CPU.ActiveCfg = Debug|Any CPU
		{94d68abe-6f06-f072-9c3f-3ab3643a7ecb}.Debug|Any CPU.Build.0 = Debug|Any CPU
		{26a5a20a-6ba1-60da-452e-8ee74e407cb1}.Debug|Any CPU.ActiveCfg = Debug|Any CPU
		{26a5a20a-6ba1-60da-452e-8ee74e407cb1}.Debug|Any CPU.Build.0 = Debug|Any CPU
		{e11c4d04-31a9-d0a5-17eb-699861525324}.Debug|Any CPU.ActiveCfg = Debug|Any CPU
		{e11c4d04-31a9-d0a5-17eb-699861525324}.Debug|Any CPU.Build.0 = Debug|Any CPU
		{d1292699-f60d-5a5a-b6f7-516877957e73}.Debug|Any CPU.ActiveCfg = Debug|Any CPU
		{d1292699-f60d-5a5a-b6f7-516877957e73}.Debug|Any CPU.Build.0 = Debug|Any CPU
		{caa52bf5-0e63-329a-4a41-dc802757cb62}.Debug|Any CPU.ActiveCfg = Debug|Any CPU
		{caa52bf5-0e63-329a-4a41-dc802757cb62}.Debug|Any CPU.Build.0 = Debug|Any CPU
		{9af70922-ddc2-7017-d675-1fe4caaf0f74}.Debug|Any CPU.ActiveCfg = Debug|Any CPU
		{9af70922-ddc2-7017-d675-1fe4caaf0f74}.Debug|Any CPU.Build.0 = Debug|Any CPU
		{0eefd5a4-772c-ef49-1d91-7bd8eccbc18a}.Debug|Any CPU.ActiveCfg = Debug|Any CPU
		{0eefd5a4-772c-ef49-1d91-7bd8eccbc18a}.Debug|Any CPU.Build.0 = Debug|Any CPU
		{c0b949d6-f3ce-4e61-29f3-4e266e21ec7d}.Debug|Any CPU.ActiveCfg = Debug|Any CPU
		{c0b949d6-f3ce-4e61-29f3-4e266e21ec7d}.Debug|Any CPU.Build.0 = Debug|Any CPU
		{b4fbde54-9efa-aa12-0d3e-d1786ea2982d}.Debug|Any CPU.ActiveCfg = Debug|Any CPU
		{b4fbde54-9efa-aa12-0d3e-d1786ea2982d}.Debug|Any CPU.Build.0 = Debug|Any CPU
		{a5a8b313-6b0f-873e-f214-7b3364584a5b}.Debug|Any CPU.ActiveCfg = Debug|Any CPU
		{a5a8b313-6b0f-873e-f214-7b3364584a5b}.Debug|Any CPU.Build.0 = Debug|Any CPU
		{5a2fa892-6f97-5188-8775-5b28b8242675}.Debug|Any CPU.ActiveCfg = Debug|Any CPU
		{5a2fa892-6f97-5188-8775-5b28b8242675}.Debug|Any CPU.Build.0 = Debug|Any CPU
		{4922b530-1d1b-1170-6ab3-dc0d42914188}.Debug|Any CPU.ActiveCfg = Debug|Any CPU
		{4922b530-1d1b-1170-6ab3-dc0d42914188}.Debug|Any CPU.Build.0 = Debug|Any CPU
		{e75af571-92f6-ee33-8e5a-3ef5e2d563f2}.Debug|Any CPU.ActiveCfg = Debug|Any CPU
		{e75af571-92f6-ee33-8e5a-3ef5e2d563f2}.Debug|Any CPU.Build.0 = Debug|Any CPU
		{fc16c51f-9b4d-9f00-e496-6629faf59308}.Debug|Any CPU.ActiveCfg = Debug|Any CPU
		{fc16c51f-9b4d-9f00-e496-6629faf59308}.Debug|Any CPU.Build.0 = Debug|Any CPU
		{47866773-cb18-1902-ba36-27cfc9da6641}.Debug|Any CPU.ActiveCfg = Debug|Any CPU
		{47866773-cb18-1902-ba36-27cfc9da6641}.Debug|Any CPU.Build.0 = Debug|Any CPU
		{d0c81a2a-3e6f-b0b0-1b57-064af9eec08f}.Debug|Any CPU.ActiveCfg = Debug|Any CPU
		{d0c81a2a-3e6f-b0b0-1b57-064af9eec08f}.Debug|Any CPU.Build.0 = Debug|Any CPU
		{f3f625b3-d303-6c24-16eb-2548348fb8d5}.Debug|Any CPU.ActiveCfg = Debug|Any CPU
		{f3f625b3-d303-6c24-16eb-2548348fb8d5}.Debug|Any CPU.Build.0 = Debug|Any CPU
		{3b6b1c88-a2b8-9138-a6ef-10bb0d1aa65e}.Debug|Any CPU.ActiveCfg = Debug|Any CPU
		{3b6b1c88-a2b8-9138-a6ef-10bb0d1aa65e}.Debug|Any CPU.Build.0 = Debug|Any CPU
		{750f2eb7-7be8-36a3-5b63-c475ff578511}.Debug|Any CPU.ActiveCfg = Debug|Any CPU
		{750f2eb7-7be8-36a3-5b63-c475ff578511}.Debug|Any CPU.Build.0 = Debug|Any CPU
		{04bae6a2-c9f0-2fc1-197a-8a22483cc260}.Debug|Any CPU.ActiveCfg = Debug|Any CPU
		{04bae6a2-c9f0-2fc1-197a-8a22483cc260}.Debug|Any CPU.Build.0 = Debug|Any CPU
		{72ff06da-6cda-2941-2790-dc42e77797b4}.Debug|Any CPU.ActiveCfg = Debug|Any CPU
		{72ff06da-6cda-2941-2790-dc42e77797b4}.Debug|Any CPU.Build.0 = Debug|Any CPU
		{97d09480-ab8c-3f24-3962-1cd70cbc42b1}.Debug|Any CPU.ActiveCfg = Debug|Any CPU
		{97d09480-ab8c-3f24-3962-1cd70cbc42b1}.Debug|Any CPU.Build.0 = Debug|Any CPU
		{688a5a4f-f727-1c75-ddcf-b26aac8afd26}.Debug|Any CPU.ActiveCfg = Debug|Any CPU
		{688a5a4f-f727-1c75-ddcf-b26aac8afd26}.Debug|Any CPU.Build.0 = Debug|Any CPU
		{7d9b4c41-d06f-062d-bf9f-8b9c824ec187}.Debug|Any CPU.ActiveCfg = Debug|Any CPU
		{7d9b4c41-d06f-062d-bf9f-8b9c824ec187}.Debug|Any CPU.Build.0 = Debug|Any CPU
		{c080b61a-43a0-43e5-4058-36463b5cf902}.Debug|Any CPU.ActiveCfg = Debug|Any CPU
		{c080b61a-43a0-43e5-4058-36463b5cf902}.Debug|Any CPU.Build.0 = Debug|Any CPU
		{e98b3255-8814-6592-67a3-ede82f33e2d3}.Debug|Any CPU.ActiveCfg = Debug|Any CPU
		{e98b3255-8814-6592-67a3-ede82f33e2d3}.Debug|Any CPU.Build.0 = Debug|Any CPU
		{e1c96541-6746-95dd-3c4d-8abeecaaab41}.Debug|Any CPU.ActiveCfg = Debug|Any CPU
		{e1c96541-6746-95dd-3c4d-8abeecaaab41}.Debug|Any CPU.Build.0 = Debug|Any CPU
		{20d670e4-7710-7c2a-f764-318524f1061a}.Debug|Any CPU.ActiveCfg = Debug|Any CPU
		{20d670e4-7710-7c2a-f764-318524f1061a}.Debug|Any CPU.Build.0 = Debug|Any CPU
		{aa708c75-d9fa-c470-2862-54d6579afb0e}.Debug|Any CPU.ActiveCfg = Debug|Any CPU
		{aa708c75-d9fa-c470-2862-54d6579afb0e}.Debug|Any CPU.Build.0 = Debug|Any CPU
		{62f70d16-ec74-bcd8-0866-07d7223ce78a}.Debug|Any CPU.ActiveCfg = Debug|Any CPU
		{62f70d16-ec74-bcd8-0866-07d7223ce78a}.Debug|Any CPU.Build.0 = Debug|Any CPU
		{c95ae8a5-0d60-1bd5-d8eb-d88fab09ca60}.Debug|Any CPU.ActiveCfg = Debug|Any CPU
		{c95ae8a5-0d60-1bd5-d8eb-d88fab09ca60}.Debug|Any CPU.Build.0 = Debug|Any CPU
		{d7021381-894c-f779-e331-1d3c7e132cd5}.Debug|Any CPU.ActiveCfg = Debug|Any CPU
		{d7021381-894c-f779-e331-1d3c7e132cd5}.Debug|Any CPU.Build.0 = Debug|Any CPU
		{41455e73-2169-e19d-2818-b2af0404b4eb}.Debug|Any CPU.ActiveCfg = Debug|Any CPU
		{41455e73-2169-e19d-2818-b2af0404b4eb}.Debug|Any CPU.Build.0 = Debug|Any CPU
		{ef6f5a17-f9fe-896e-a8f7-39a48e3c545a}.Debug|Any CPU.ActiveCfg = Debug|Any CPU
		{ef6f5a17-f9fe-896e-a8f7-39a48e3c545a}.Debug|Any CPU.Build.0 = Debug|Any CPU
		{24feecd0-3817-5c20-256a-0890e206fe79}.Debug|Any CPU.ActiveCfg = Debug|Any CPU
		{24feecd0-3817-5c20-256a-0890e206fe79}.Debug|Any CPU.Build.0 = Debug|Any CPU
		{93f23389-3ebe-3eb1-3c05-c9499a267348}.Debug|Any CPU.ActiveCfg = Debug|Any CPU
		{93f23389-3ebe-3eb1-3c05-c9499a267348}.Debug|Any CPU.Build.0 = Debug|Any CPU
		{314dcd48-cccc-49d0-da3f-6eff66924d82}.Debug|Any CPU.ActiveCfg = Debug|Any CPU
		{314dcd48-cccc-49d0-da3f-6eff66924d82}.Debug|Any CPU.Build.0 = Debug|Any CPU
		{40e462f5-2110-fda1-08ff-bfeeab930ffe}.Debug|Any CPU.ActiveCfg = Debug|Any CPU
		{40e462f5-2110-fda1-08ff-bfeeab930ffe}.Debug|Any CPU.Build.0 = Debug|Any CPU
		{7e7dc341-bf56-01b2-16b2-c3785f01203a}.Debug|Any CPU.ActiveCfg = Debug|Any CPU
		{7e7dc341-bf56-01b2-16b2-c3785f01203a}.Debug|Any CPU.Build.0 = Debug|Any CPU
		{264ea59f-90c3-9f69-5702-436ca47f0ebf}.Debug|Any CPU.ActiveCfg = Debug|Any CPU
		{264ea59f-90c3-9f69-5702-436ca47f0ebf}.Debug|Any CPU.Build.0 = Debug|Any CPU
		{e685876a-7688-cc0d-8ec8-f7303ef9df0c}.Debug|Any CPU.ActiveCfg = Debug|Any CPU
		{e685876a-7688-cc0d-8ec8-f7303ef9df0c}.Debug|Any CPU.Build.0 = Debug|Any CPU
		{782f887c-6dc5-b419-a6f9-1c37d50801bd}.Debug|Any CPU.ActiveCfg = Debug|Any CPU
		{782f887c-6dc5-b419-a6f9-1c37d50801bd}.Debug|Any CPU.Build.0 = Debug|Any CPU
		{68528006-ffd0-c030-8cac-6df74e956c6f}.Debug|Any CPU.ActiveCfg = Debug|Any CPU
		{68528006-ffd0-c030-8cac-6df74e956c6f}.Debug|Any CPU.Build.0 = Debug|Any CPU
		{32f10c57-e72d-2ce7-4f44-39dcda468649}.Debug|Any CPU.ActiveCfg = Debug|Any CPU
		{32f10c57-e72d-2ce7-4f44-39dcda468649}.Debug|Any CPU.Build.0 = Debug|Any CPU
		{c798cb05-2622-b1b6-3237-93cca599c3ea}.Debug|Any CPU.ActiveCfg = Debug|Any CPU
		{c798cb05-2622-b1b6-3237-93cca599c3ea}.Debug|Any CPU.Build.0 = Debug|Any CPU
		{b3013028-4138-dfff-71ba-22079eb9f25d}.Debug|Any CPU.ActiveCfg = Debug|Any CPU
		{b3013028-4138-dfff-71ba-22079eb9f25d}.Debug|Any CPU.Build.0 = Debug|Any CPU
		{2b0f969e-5ccb-c141-c818-04b0995c0926}.Debug|Any CPU.ActiveCfg = Debug|Any CPU
		{2b0f969e-5ccb-c141-c818-04b0995c0926}.Debug|Any CPU.Build.0 = Debug|Any CPU
		{94defc1c-4b94-88fa-7661-4a3d486d8ff0}.Debug|Any CPU.ActiveCfg = Debug|Any CPU
		{94defc1c-4b94-88fa-7661-4a3d486d8ff0}.Debug|Any CPU.Build.0 = Debug|Any CPU
		{d47a5ed5-202e-0cbf-d481-cb33f607fe57}.Debug|Any CPU.ActiveCfg = Debug|Any CPU
		{d47a5ed5-202e-0cbf-d481-cb33f607fe57}.Debug|Any CPU.Build.0 = Debug|Any CPU
		{f04821db-a512-fc5f-b8f7-9116b69f4925}.Debug|Any CPU.ActiveCfg = Debug|Any CPU
		{f04821db-a512-fc5f-b8f7-9116b69f4925}.Debug|Any CPU.Build.0 = Debug|Any CPU
		{4c7e3bc8-7d0c-b98f-979b-c4d997bac6bd}.Debug|Any CPU.ActiveCfg = Debug|Any CPU
		{4c7e3bc8-7d0c-b98f-979b-c4d997bac6bd}.Debug|Any CPU.Build.0 = Debug|Any CPU
		{887f37e8-d6d3-8fe9-a896-441175e49824}.Debug|Any CPU.ActiveCfg = Debug|Any CPU
		{887f37e8-d6d3-8fe9-a896-441175e49824}.Debug|Any CPU.Build.0 = Debug|Any CPU
		{ed519dc9-3baf-705f-1662-1f71d85e0592}.Debug|Any CPU.ActiveCfg = Debug|Any CPU
		{ed519dc9-3baf-705f-1662-1f71d85e0592}.Debug|Any CPU.Build.0 = Debug|Any CPU
		{836dc8fc-3af2-2e00-c325-d00dc37a9379}.Debug|Any CPU.ActiveCfg = Debug|Any CPU
		{836dc8fc-3af2-2e00-c325-d00dc37a9379}.Debug|Any CPU.Build.0 = Debug|Any CPU
		{1de30052-2962-a029-90fa-058ff12f720a}.Debug|Any CPU.ActiveCfg = Debug|Any CPU
		{1de30052-2962-a029-90fa-058ff12f720a}.Debug|Any CPU.Build.0 = Debug|Any CPU
		{1afe0244-384c-0d19-d398-6fd425948ffd}.Debug|Any CPU.ActiveCfg = Debug|Any CPU
		{1afe0244-384c-0d19-d398-6fd425948ffd}.Debug|Any CPU.Build.0 = Debug|Any CPU
		{b9ece57a-6dc3-1f38-12c3-13fdbadba0a5}.Debug|Any CPU.ActiveCfg = Debug|Any CPU
		{b9ece57a-6dc3-1f38-12c3-13fdbadba0a5}.Debug|Any CPU.Build.0 = Debug|Any CPU
		{33c93c8e-8f51-6f0d-fe8e-5003c5ab59f3}.Debug|Any CPU.ActiveCfg = Debug|Any CPU
		{33c93c8e-8f51-6f0d-fe8e-5003c5ab59f3}.Debug|Any CPU.Build.0 = Debug|Any CPU
		{fefbb346-a220-de3f-17d6-256a3cc8692f}.Debug|Any CPU.ActiveCfg = Debug|Any CPU
		{fefbb346-a220-de3f-17d6-256a3cc8692f}.Debug|Any CPU.Build.0 = Debug|Any CPU
		{93664c2f-d081-9ebd-3215-49a3f50f1bde}.Debug|Any CPU.ActiveCfg = Debug|Any CPU
		{93664c2f-d081-9ebd-3215-49a3f50f1bde}.Debug|Any CPU.Build.0 = Debug|Any CPU
		{e1fe3e61-942d-f99b-44fa-85244f1f3889}.Debug|Any CPU.ActiveCfg = Debug|Any CPU
		{e1fe3e61-942d-f99b-44fa-85244f1f3889}.Debug|Any CPU.Build.0 = Debug|Any CPU
		{ac780a48-2ecf-b1b4-5b45-6da5160777d7}.Debug|Any CPU.ActiveCfg = Debug|Any CPU
		{ac780a48-2ecf-b1b4-5b45-6da5160777d7}.Debug|Any CPU.Build.0 = Debug|Any CPU
		{5e6316f0-ea87-0de6-2eb5-66b136c33580}.Debug|Any CPU.ActiveCfg = Debug|Any CPU
		{5e6316f0-ea87-0de6-2eb5-66b136c33580}.Debug|Any CPU.Build.0 = Debug|Any CPU
		{75524b4e-fe7e-f3ea-1d5b-df2aaac270da}.Debug|Any CPU.ActiveCfg = Debug|Any CPU
		{75524b4e-fe7e-f3ea-1d5b-df2aaac270da}.Debug|Any CPU.Build.0 = Debug|Any CPU
		{369feda3-2b4b-7525-242f-1a2545598198}.Debug|Any CPU.ActiveCfg = Debug|Any CPU
		{369feda3-2b4b-7525-242f-1a2545598198}.Debug|Any CPU.Build.0 = Debug|Any CPU
		{ae74735f-5ec4-a0ba-cc49-a1a899ed4373}.Debug|Any CPU.ActiveCfg = Debug|Any CPU
		{ae74735f-5ec4-a0ba-cc49-a1a899ed4373}.Debug|Any CPU.Build.0 = Debug|Any CPU
		{445089c1-6653-be92-ca06-58d17c17c90f}.Debug|Any CPU.ActiveCfg = Debug|Any CPU
		{445089c1-6653-be92-ca06-58d17c17c90f}.Debug|Any CPU.Build.0 = Debug|Any CPU
		{fa7e2d38-bf34-6099-bb35-70bdeb44cedd}.Debug|Any CPU.ActiveCfg = Debug|Any CPU
		{fa7e2d38-bf34-6099-bb35-70bdeb44cedd}.Debug|Any CPU.Build.0 = Debug|Any CPU
		{aa073740-7c10-4c41-6261-b0965b0ad443}.Debug|Any CPU.ActiveCfg = Debug|Any CPU
		{aa073740-7c10-4c41-6261-b0965b0ad443}.Debug|Any CPU.Build.0 = Debug|Any CPU
		{9ed71b0a-1769-c71e-6de6-603bdeab274a}.Debug|Any CPU.ActiveCfg = Debug|Any CPU
		{9ed71b0a-1769-c71e-6de6-603bdeab274a}.Debug|Any CPU.Build.0 = Debug|Any CPU
		{ecb6fc6a-e347-0cea-3e0b-d802f3a3e884}.Debug|Any CPU.ActiveCfg = Debug|Any CPU
		{ecb6fc6a-e347-0cea-3e0b-d802f3a3e884}.Debug|Any CPU.Build.0 = Debug|Any CPU
		{68aa5239-437b-8bfc-00a9-e7dc13a5166d}.Debug|Any CPU.ActiveCfg = Debug|Any CPU
		{68aa5239-437b-8bfc-00a9-e7dc13a5166d}.Debug|Any CPU.Build.0 = Debug|Any CPU
		{4e8feb88-da70-b5a5-9f86-bc51aa7d7dbb}.Debug|Any CPU.ActiveCfg = Debug|Any CPU
		{4e8feb88-da70-b5a5-9f86-bc51aa7d7dbb}.Debug|Any CPU.Build.0 = Debug|Any CPU
		{b1caa3e9-fe4d-1329-228a-484f092abcee}.Debug|Any CPU.ActiveCfg = Debug|Any CPU
		{b1caa3e9-fe4d-1329-228a-484f092abcee}.Debug|Any CPU.Build.0 = Debug|Any CPU
		{099ddb7c-273f-4111-cd67-572b0100d7eb}.Debug|Any CPU.ActiveCfg = Debug|Any CPU
		{099ddb7c-273f-4111-cd67-572b0100d7eb}.Debug|Any CPU.Build.0 = Debug|Any CPU
		{4dd531e5-8f60-42ed-679f-71dc698dd4e7}.Debug|Any CPU.ActiveCfg = Debug|Any CPU
		{4dd531e5-8f60-42ed-679f-71dc698dd4e7}.Debug|Any CPU.Build.0 = Debug|Any CPU
		{210383b5-8212-f977-07c6-9979374e52d5}.Debug|Any CPU.ActiveCfg = Debug|Any CPU
		{210383b5-8212-f977-07c6-9979374e52d5}.Debug|Any CPU.Build.0 = Debug|Any CPU
		{7850ab55-9345-8c0d-437a-d6a559040a4a}.Debug|Any CPU.ActiveCfg = Debug|Any CPU
		{7850ab55-9345-8c0d-437a-d6a559040a4a}.Debug|Any CPU.Build.0 = Debug|Any CPU
		{ef826262-9f2e-5405-ff03-b4513fb1cde2}.Debug|Any CPU.ActiveCfg = Debug|Any CPU
		{ef826262-9f2e-5405-ff03-b4513fb1cde2}.Debug|Any CPU.Build.0 = Debug|Any CPU
		{405f20cc-6f88-ee96-a2f1-903b8cfb8420}.Debug|Any CPU.ActiveCfg = Debug|Any CPU
		{405f20cc-6f88-ee96-a2f1-903b8cfb8420}.Debug|Any CPU.Build.0 = Debug|Any CPU
		{69c3cd36-1854-8575-12a4-846805f1abc8}.Debug|Any CPU.ActiveCfg = Debug|Any CPU
		{69c3cd36-1854-8575-12a4-846805f1abc8}.Debug|Any CPU.Build.0 = Debug|Any CPU
		{806fc1dd-67a5-bcbf-3961-177d31fe1d28}.Debug|Any CPU.ActiveCfg = Debug|Any CPU
		{806fc1dd-67a5-bcbf-3961-177d31fe1d28}.Debug|Any CPU.Build.0 = Debug|Any CPU
	EndGlobalSection
	GlobalSection(SolutionProperties) = preSolution
		HideSolutionNode = FALSE
	EndGlobalSection
EndGlobal
